
Microsoft Visual Studio Solution File, Format Version 12.00
# Visual Studio Version 16
VisualStudioVersion = 16.0.30804.86
MinimumVisualStudioVersion = 10.0.40219.1
Project("{FAE04EC0-301F-11D3-BF4B-00C04F79EFBC}") = "Fields", "Fields\Fields.csproj", "{9C7F067E-B150-43F6-8CDE-B7274F1A97EC}"
EndProject
Global
	GlobalSection(SolutionConfigurationPlatforms) = preSolution
		Debug|Any CPU = Debug|Any CPU
		Release|Any CPU = Release|Any CPU
	EndGlobalSection
	GlobalSection(ProjectConfigurationPlatforms) = postSolution
		{9C7F067E-B150-43F6-8CDE-B7274F1A97EC}.Debug|Any CPU.ActiveCfg = Debug|Any CPU
		{9C7F067E-B150-43F6-8CDE-B7274F1A97EC}.Debug|Any CPU.Build.0 = Debug|Any CPU
		{9C7F067E-B150-43F6-8CDE-B7274F1A97EC}.Release|Any CPU.ActiveCfg = Release|Any CPU
		{9C7F067E-B150-43F6-8CDE-B7274F1A97EC}.Release|Any CPU.Build.0 = Release|Any CPU
	EndGlobalSection
	GlobalSection(SolutionProperties) = preSolution
		HideSolutionNode = FALSE
	EndGlobalSection
	GlobalSection(ExtensibilityGlobals) = postSolution
		SolutionGuid = {1FF72347-34C2-4C52-B047-B943C1FBA4E6}
	EndGlobalSection
EndGlobal
